dependencies:
- name: common
  repository: https://charts.bitnami.com/bitnami
  version: 2.6.0
- name: reloader
  repository: https://stakater.github.io/stakater-charts
  version: v1.0.24
digest: sha256:2b50a4e1b55cc337ba50ae5b231571aa55c9d6618604f58878c96a9601668500
generated: "2023-07-25T22:52:33.277635432Z"
